
Microsoft Visual Studio Solution File, Format Version 12.00
# Visual Studio 2013
VisualStudioVersion = 12.0.31101.0
MinimumVisualStudioVersion = 10.0.40219.1
Project("{FAE04EC0-301F-11D3-BF4B-00C04F79EFBC}") = "SignControl", "SignControl\SignControl.csproj", "{6FE06AE4-D584-4B1B-8533-7893ACC0118E}"
EndProject
Project("{FAE04EC0-301F-11D3-BF4B-00C04F79EFBC}") = "SignTestInterface", "..\SignTestInterface\SignTestInterface\SignTestInterface.csproj", "{3B156A33-1FB5-4D55-99BB-F69036A5145F}"
EndProject
Project("{FAE04EC0-301F-11D3-BF4B-00C04F79EFBC}") = "winusbdotnet", "..\winusbdotnet\winusbdotnet\winusbdotnet.csproj", "{F9FEC76A-8120-4002-92C9-423A60DFD468}"
EndProject
Global
	GlobalSection(SolutionConfigurationPlatforms) = preSolution
		Debug|Any CPU = Debug|Any CPU
		Release|Any CPU = Release|Any CPU
	EndGlobalSection
	GlobalSection(ProjectConfigurationPlatforms) = postSolution
		{6FE06AE4-D584-4B1B-8533-7893ACC0118E}.Debug|Any CPU.ActiveCfg = Debug|Any CPU
		{6FE06AE4-D584-4B1B-8533-7893ACC0118E}.Debug|Any CPU.Build.0 = Debug|Any CPU
		{6FE06AE4-D584-4B1B-8533-7893ACC0118E}.Release|Any CPU.ActiveCfg = Release|Any CPU
		{6FE06AE4-D584-4B1B-8533-7893ACC0118E}.Release|Any CPU.Build.0 = Release|Any CPU
		{3B156A33-1FB5-4D55-99BB-F69036A5145F}.Debug|Any CPU.ActiveCfg = Debug|Any CPU
		{3B156A33-1FB5-4D55-99BB-F69036A5145F}.Debug|Any CPU.Build.0 = Debug|Any CPU
		{3B156A33-1FB5-4D55-99BB-F69036A5145F}.Release|Any CPU.ActiveCfg = Release|Any CPU
		{3B156A33-1FB5-4D55-99BB-F69036A5145F}.Release|Any CPU.Build.0 = Release|Any CPU
		{F9FEC76A-8120-4002-92C9-423A60DFD468}.Debug|Any CPU.ActiveCfg = Debug|Any CPU
		{F9FEC76A-8120-4002-92C9-423A60DFD468}.Debug|Any CPU.Build.0 = Debug|Any CPU
		{F9FEC76A-8120-4002-92C9-423A60DFD468}.Release|Any CPU.ActiveCfg = Release|Any CPU
		{F9FEC76A-8120-4002-92C9-423A60DFD468}.Release|Any CPU.Build.0 = Release|Any CPU
	EndGlobalSection
	GlobalSection(SolutionProperties) = preSolution
		HideSolutionNode = FALSE
	EndGlobalSection
EndGlobal
